
Microsoft Visual Studio Solution File, Format Version 12.00
# Visual Studio Version 17
VisualStudioVersion = 17.6.33829.357
MinimumVisualStudioVersion = 10.0.40219.1
Project("{54A90642-561A-4BB1-A94E-469ADEE60C69}") = "vueapp", "vueapp\vueapp.esproj", "{EBB8F8AC-C04E-4966-937E-C0E3630FF906}"
EndProject
Project("{9A19103F-16F7-4668-BE54-9A1E7A4F7556}") = "webapi", "webapi\webapi.csproj", "{3DEAE945-A096-4A1A-BEA5-66256421286A}"
EndProject
Global
	GlobalSection(SolutionConfigurationPlatforms) = preSolution
		Debug|Any CPU = Debug|Any CPU
		Release|Any CPU = Release|Any CPU
	EndGlobalSection
	GlobalSection(ProjectConfigurationPlatforms) = postSolution
		{EBB8F8AC-C04E-4966-937E-C0E3630FF906}.Debug|Any CPU.ActiveCfg = Debug|Any CPU
		{EBB8F8AC-C04E-4966-937E-C0E3630FF906}.Debug|Any CPU.Build.0 = Debug|Any CPU
		{EBB8F8AC-C04E-4966-937E-C0E3630FF906}.Debug|Any CPU.Deploy.0 = Debug|Any CPU
		{EBB8F8AC-C04E-4966-937E-C0E3630FF906}.Release|Any CPU.ActiveCfg = Release|Any CPU
		{EBB8F8AC-C04E-4966-937E-C0E3630FF906}.Release|Any CPU.Build.0 = Release|Any CPU
		{EBB8F8AC-C04E-4966-937E-C0E3630FF906}.Release|Any CPU.Deploy.0 = Release|Any CPU
		{3DEAE945-A096-4A1A-BEA5-66256421286A}.Debug|Any CPU.ActiveCfg = Debug|Any CPU
		{3DEAE945-A096-4A1A-BEA5-66256421286A}.Debug|Any CPU.Build.0 = Debug|Any CPU
		{3DEAE945-A096-4A1A-BEA5-66256421286A}.Release|Any CPU.ActiveCfg = Release|Any CPU
		{3DEAE945-A096-4A1A-BEA5-66256421286A}.Release|Any CPU.Build.0 = Release|Any CPU
	EndGlobalSection
	GlobalSection(SolutionProperties) = preSolution
		HideSolutionNode = FALSE
	EndGlobalSection
	GlobalSection(ExtensibilityGlobals) = postSolution
		SolutionGuid = {21C3346F-DE22-44AB-ABD7-836945BC068C}
	EndGlobalSection
EndGlobal
